// !$*UTF8*$!
{
	archiveVersion = 1;
	classes = {
	};
	objectVersion = 46;
	objects = {

/* Begin PBXBuildFile section */
		B20F9A8D1EFF5E15005C515F /* AIMOnAirListViewController.m in Sources */ = {isa = PBXBuildFile; fileRef = B20F9A8C1EFF5E15005C515F /* AIMOnAirListViewController.m */; };
		B20F9A8E1EFF5E15005C515F /* AIMOnAirListViewController.m in Sources */ = {isa = PBXBuildFile; fileRef = B20F9A8C1EFF5E15005C515F /* AIMOnAirListViewController.m */; };
		B20F9A911EFF9EB9005C515F /* AIMEPGTableViewCell.m in Sources */ = {isa = PBXBuildFile; fileRef = B20F9A901EFF9EB9005C515F /* AIMEPGTableViewCell.m */; };
		B20F9A921EFF9EB9005C515F /* AIMEPGTableViewCell.m in Sources */ = {isa = PBXBuildFile; fileRef = B20F9A901EFF9EB9005C515F /* AIMEPGTableViewCell.m */; };
		B20F9A951EFF9EC9005C515F /* AIMPlayoutTableViewCell.m in Sources */ = {isa = PBXBuildFile; fileRef = B20F9A941EFF9EC9005C515F /* AIMPlayoutTableViewCell.m */; };
		B20F9A961EFF9EC9005C515F /* AIMPlayoutTableViewCell.m in Sources */ = {isa = PBXBuildFile; fileRef = B20F9A941EFF9EC9005C515F /* AIMPlayoutTableViewCell.m */; };
		B20F9A9E1EFFC2AD005C515F /* AimHeaderViewCell.m in Sources */ = {isa = PBXBuildFile; fileRef = B20F9A9D1EFFC2AD005C515F /* AimHeaderViewCell.m */; };
		B20F9A9F1EFFC2AD005C515F /* AimHeaderViewCell.m in Sources */ = {isa = PBXBuildFile; fileRef = B20F9A9D1EFFC2AD005C515F /* AimHeaderViewCell.m */; };
		B20F9AA21EFFE50E005C515F /* AIMIconDownloader.m in Sources */ = {isa = PBXBuildFile; fileRef = B20F9AA11EFFE50E005C515F /* AIMIconDownloader.m */; };
		B20F9AA31EFFE50E005C515F /* AIMIconDownloader.m in Sources */ = {isa = PBXBuildFile; fileRef = B20F9AA11EFFE50E005C515F /* AIMIconDownloader.m */; };
		B20F9AA41EFFE50E005C515F /* AIMIconDownloader.m in Sources */ = {isa = PBXBuildFile; fileRef = B20F9AA11EFFE50E005C515F /* AIMIconDownloader.m */; };
		B284672E1EFCA46B0039A7FA /* main.m in Sources */ = {isa = PBXBuildFile; fileRef = B284672D1EFCA46B0039A7FA /* main.m */; };
		B28467311EFCA46B0039A7FA /* AppDelegate.m in Sources */ = {isa = PBXBuildFile; fileRef = B28467301EFCA46B0039A7FA /* AppDelegate.m */; };
		B28467341EFCA46B0039A7FA /* AIMInitialViewController.m in Sources */ = {isa = PBXBuildFile; fileRef = B28467331EFCA46B0039A7FA /* AIMInitialViewController.m */; };
		B28467371EFCA46B0039A7FA /* Main.storyboard in Resources */ = {isa = PBXBuildFile; fileRef = B28467351EFCA46B0039A7FA /* Main.storyboard */; };
		B28467391EFCA46B0039A7FA /* Assets.xcassets in Resources */ = {isa = PBXBuildFile; fileRef = B28467381EFCA46B0039A7FA /* Assets.xcassets */; };
		B284673C1EFCA46B0039A7FA /* LaunchScreen.storyboard in Resources */ = {isa = PBXBuildFile; fileRef = B284673A1EFCA46B0039A7FA /* LaunchScreen.storyboard */; };
		B28467471EFCA46B0039A7FA /* DigitalRadioDemoTests.m in Sources */ = {isa = PBXBuildFile; fileRef = B28467461EFCA46B0039A7FA /* DigitalRadioDemoTests.m */; };
		B28467521EFCA46B0039A7FA /* DigitalRadioDemoUITests.m in Sources */ = {isa = PBXBuildFile; fileRef = B28467511EFCA46B0039A7FA /* DigitalRadioDemoUITests.m */; };
		B28467611EFCAAE40039A7FA /* AIMOnAirXMLParser.m in Sources */ = {isa = PBXBuildFile; fileRef = B28467601EFCAAE40039A7FA /* AIMOnAirXMLParser.m */; };
		B28467621EFCAAE40039A7FA /* AIMOnAirXMLParser.m in Sources */ = {isa = PBXBuildFile; fileRef = B28467601EFCAAE40039A7FA /* AIMOnAirXMLParser.m */; };
		B28467791EFCB42D0039A7FA /* AIMOnAirDocument.m in Sources */ = {isa = PBXBuildFile; fileRef = B28467781EFCB42D0039A7FA /* AIMOnAirDocument.m */; };
		B284677A1EFCB42D0039A7FA /* AIMOnAirDocument.m in Sources */ = {isa = PBXBuildFile; fileRef = B28467781EFCB42D0039A7FA /* AIMOnAirDocument.m */; };
		B284677C1EFCF0760039A7FA /* onair.xml in Resources */ = {isa = PBXBuildFile; fileRef = B284677B1EFCF0760039A7FA /* onair.xml */; };
		B284677D1EFCF0760039A7FA /* onair.xml in Resources */ = {isa = PBXBuildFile; fileRef = B284677B1EFCF0760039A7FA /* onair.xml */; };
		B28F94081EFE683000933A88 /* Reachability.m in Sources */ = {isa = PBXBuildFile; fileRef = B28F94071EFE683000933A88 /* Reachability.m */; };
		B28F94091EFE683000933A88 /* Reachability.m in Sources */ = {isa = PBXBuildFile; fileRef = B28F94071EFE683000933A88 /* Reachability.m */; };
		B28F940A1EFE683000933A88 /* Reachability.m in Sources */ = {isa = PBXBuildFile; fileRef = B28F94071EFE683000933A88 /* Reachability.m */; };
/* End PBXBuildFile section */

/* Begin PBXContainerItemProxy section */
		B28467431EFCA46B0039A7FA /* PBXContainerItemProxy */ = {
			isa = PBXContainerItemProxy;
			containerPortal = B28467211EFCA46B0039A7FA /* Project object */;
			proxyType = 1;
			remoteGlobalIDString = B28467281EFCA46B0039A7FA;
			remoteInfo = DigitalRadioDemo;
		};
		B284674E1EFCA46B0039A7FA /* PBXContainerItemProxy */ = {
			isa = PBXContainerItemProxy;
			containerPortal = B28467211EFCA46B0039A7FA /* Project object */;
			proxyType = 1;
			remoteGlobalIDString = B28467281EFCA46B0039A7FA;
			remoteInfo = DigitalRadioDemo;
		};
/* End PBXContainerItemProxy section */

/* Begin PBXFileReference section */
		B20F9A8B1EFF5E15005C515F /* AIMOnAirListViewController.h */ = {isa = PBXFileReference; fileEncoding = 4; lastKnownFileType = sourcecode.c.h; path = AIMOnAirListViewController.h; sourceTree = "<group>"; };
		B20F9A8C1EFF5E15005C515F /* AIMOnAirListViewController.m */ = {isa = PBXFileReference; fileEncoding = 4; lastKnownFileType = sourcecode.c.objc; path = AIMOnAirListViewController.m; sourceTree = "<group>"; };
		B20F9A8F1EFF9EB9005C515F /* AIMEPGTableViewCell.h */ = {isa = PBXFileReference; fileEncoding = 4; lastKnownFileType = sourcecode.c.h; path = AIMEPGTableViewCell.h; sourceTree = "<group>"; };
		B20F9A901EFF9EB9005C515F /* AIMEPGTableViewCell.m */ = {isa = PBXFileReference; fileEncoding = 4; lastKnownFileType = sourcecode.c.objc; path = AIMEPGTableViewCell.m; sourceTree = "<group>"; };
		B20F9A931EFF9EC9005C515F /* AIMPlayoutTableViewCell.h */ = {isa = PBXFileReference; fileEncoding = 4; lastKnownFileType = sourcecode.c.h; path = AIMPlayoutTableViewCell.h; sourceTree = "<group>"; };
		B20F9A941EFF9EC9005C515F /* AIMPlayoutTableViewCell.m */ = {isa = PBXFileReference; fileEncoding = 4; lastKnownFileType = sourcecode.c.objc; path = AIMPlayoutTableViewCell.m; sourceTree = "<group>"; };
		B20F9A9C1EFFC2AD005C515F /* AimHeaderViewCell.h */ = {isa = PBXFileReference; fileEncoding = 4; lastKnownFileType = sourcecode.c.h; path = AimHeaderViewCell.h; sourceTree = "<group>"; };
		B20F9A9D1EFFC2AD005C515F /* AimHeaderViewCell.m */ = {isa = PBXFileReference; fileEncoding = 4; lastKnownFileType = sourcecode.c.objc; path = AimHeaderViewCell.m; sourceTree = "<group>"; };
		B20F9AA01EFFE50E005C515F /* AIMIconDownloader.h */ = {isa = PBXFileReference; fileEncoding = 4; lastKnownFileType = sourcecode.c.h; path = AIMIconDownloader.h; sourceTree = "<group>"; };
		B20F9AA11EFFE50E005C515F /* AIMIconDownloader.m */ = {isa = PBXFileReference; fileEncoding = 4; lastKnownFileType = sourcecode.c.objc; path = AIMIconDownloader.m; sourceTree = "<group>"; };
		B20F9AA51F031D94005C515F /* AIMOnAirItemTableViewCell.h */ = {isa = PBXFileReference; fileEncoding = 4; lastKnownFileType = sourcecode.c.h; path = AIMOnAirItemTableViewCell.h; sourceTree = "<group>"; };
		B28467291EFCA46B0039A7FA /* DigitalRadioDemo.app */ = {isa = PBXFileReference; explicitFileType = wrapper.application; includeInIndex = 0; path = DigitalRadioDemo.app; sourceTree = BUILT_PRODUCTS_DIR; };
		B284672D1EFCA46B0039A7FA /* main.m */ = {isa = PBXFileReference; lastKnownFileType = sourcecode.c.objc; path = main.m; sourceTree = "<group>"; };
		B284672F1EFCA46B0039A7FA /* AppDelegate.h */ = {isa = PBXFileReference; lastKnownFileType = sourcecode.c.h; path = AppDelegate.h; sourceTree = "<group>"; };
		B28467301EFCA46B0039A7FA /* AppDelegate.m */ = {isa = PBXFileReference; lastKnownFileType = sourcecode.c.objc; path = AppDelegate.m; sourceTree = "<group>"; };
		B28467321EFCA46B0039A7FA /* AIMInitialViewController.h */ = {isa = PBXFileReference; lastKnownFileType = sourcecode.c.h; path = AIMInitialViewController.h; sourceTree = "<group>"; };
		B28467331EFCA46B0039A7FA /* AIMInitialViewController.m */ = {isa = PBXFileReference; lastKnownFileType = sourcecode.c.objc; path = AIMInitialViewController.m; sourceTree = "<group>"; };
		B28467361EFCA46B0039A7FA /* Base */ = {isa = PBXFileReference; lastKnownFileType = file.storyboard; name = Base; path = Base.lproj/Main.storyboard; sourceTree = "<group>"; };
		B28467381EFCA46B0039A7FA /* Assets.xcassets */ = {isa = PBXFileReference; lastKnownFileType = folder.assetcatalog; path = Assets.xcassets; sourceTree = "<group>"; };
		B284673B1EFCA46B0039A7FA /* Base */ = {isa = PBXFileReference; lastKnownFileType = file.storyboard; name = Base; path = Base.lproj/LaunchScreen.storyboard; sourceTree = "<group>"; };
		B284673D1EFCA46B0039A7FA /* Info.plist */ = {isa = PBXFileReference; lastKnownFileType = text.plist.xml; path = Info.plist; sourceTree = "<group>"; };
		B28467421EFCA46B0039A7FA /* DigitalRadioDemoTests.xctest */ = {isa = PBXFileReference; explicitFileType = wrapper.cfbundle; includeInIndex = 0; path = DigitalRadioDemoTests.xctest; sourceTree = BUILT_PRODUCTS_DIR; };
		B28467461EFCA46B0039A7FA /* DigitalRadioDemoTests.m */ = {isa = PBXFileReference; lastKnownFileType = sourcecode.c.objc; path = DigitalRadioDemoTests.m; sourceTree = "<group>"; };
		B28467481EFCA46B0039A7FA /* Info.plist */ = {isa = PBXFileReference; lastKnownFileType = text.plist.xml; path = Info.plist; sourceTree = "<group>"; };
		B284674D1EFCA46B0039A7FA /* DigitalRadioDemoUITests.xctest */ = {isa = PBXFileReference; explicitFileType = wrapper.cfbundle; includeInIndex = 0; path = DigitalRadioDemoUITests.xctest; sourceTree = BUILT_PRODUCTS_DIR; };
		B28467511EFCA46B0039A7FA /* DigitalRadioDemoUITests.m */ = {isa = PBXFileReference; lastKnownFileType = sourcecode.c.objc; path = DigitalRadioDemoUITests.m; sourceTree = "<group>"; };
		B28467531EFCA46B0039A7FA /* Info.plist */ = {isa = PBXFileReference; lastKnownFileType = text.plist.xml; path = Info.plist; sourceTree = "<group>"; };
		B284675F1EFCAAE40039A7FA /* AIMOnAirXMLParser.h */ = {isa = PBXFileReference; fileEncoding = 4; lastKnownFileType = sourcecode.c.h; path = AIMOnAirXMLParser.h; sourceTree = "<group>"; };
		B28467601EFCAAE40039A7FA /* AIMOnAirXMLParser.m */ = {isa = PBXFileReference; fileEncoding = 4; lastKnownFileType = sourcecode.c.objc; path = AIMOnAirXMLParser.m; sourceTree = "<group>"; };
		B28467761EFCAE5D0039A7FA /* AIMOnAirDocumentParser.h */ = {isa = PBXFileReference; fileEncoding = 4; lastKnownFileType = sourcecode.c.h; path = AIMOnAirDocumentParser.h; sourceTree = "<group>"; };
		B28467771EFCB42D0039A7FA /* AIMOnAirDocument.h */ = {isa = PBXFileReference; fileEncoding = 4; lastKnownFileType = sourcecode.c.h; path = AIMOnAirDocument.h; sourceTree = "<group>"; };
		B28467781EFCB42D0039A7FA /* AIMOnAirDocument.m */ = {isa = PBXFileReference; fileEncoding = 4; lastKnownFileType = sourcecode.c.objc; path = AIMOnAirDocument.m; sourceTree = "<group>"; };
		B284677B1EFCF0760039A7FA /* onair.xml */ = {isa = PBXFileReference; fileEncoding = 4; lastKnownFileType = text.xml; path = onair.xml; sourceTree = "<group>"; };
		B28F94061EFE683000933A88 /* Reachability.h */ = {isa = PBXFileReference; fileEncoding = 4; lastKnownFileType = sourcecode.c.h; path = Reachability.h; sourceTree = "<group>"; };
		B28F94071EFE683000933A88 /* Reachability.m */ = {isa = PBXFileReference; fileEncoding = 4; lastKnownFileType = sourcecode.c.objc; path = Reachability.m; sourceTree = "<group>"; };
/* End PBXFileReference section */

/* Begin PBXFrameworksBuildPhase section */
		B28467261EFCA46B0039A7FA /* Frameworks */ = {
			isa = PBXFrameworksBuildPhase;
			buildActionMask = 2147483647;
			files = (
			);
			runOnlyForDeploymentPostprocessing = 0;
		};
		B284673F1EFCA46B0039A7FA /* Frameworks */ = {
			isa = PBXFrameworksBuildPhase;
			buildActionMask = 2147483647;
			files = (
			);
			runOnlyForDeploymentPostprocessing = 0;
		};
		B284674A1EFCA46B0039A7FA /* Frameworks */ = {
			isa = PBXFrameworksBuildPhase;
			buildActionMask = 2147483647;
			files = (
			);
			runOnlyForDeploymentPostprocessing = 0;
		};
/* End PBXFrameworksBuildPhase section */

/* Begin PBXGroup section */
		B20F9A971EFFA0A2005C515F /*  Views */ = {
			isa = PBXGroup;
			children = (
				B20F9A8F1EFF9EB9005C515F /* AIMEPGTableViewCell.h */,
				B20F9A901EFF9EB9005C515F /* AIMEPGTableViewCell.m */,
				B20F9A931EFF9EC9005C515F /* AIMPlayoutTableViewCell.h */,
				B20F9A941EFF9EC9005C515F /* AIMPlayoutTableViewCell.m */,
				B20F9A9C1EFFC2AD005C515F /* AimHeaderViewCell.h */,
				B20F9A9D1EFFC2AD005C515F /* AimHeaderViewCell.m */,
				B20F9AA51F031D94005C515F /* AIMOnAirItemTableViewCell.h */,
			);
			name = " Views";
			sourceTree = "<group>";
		};
		B28467201EFCA46B0039A7FA = {
			isa = PBXGroup;
			children = (
				B284672B1EFCA46B0039A7FA /* DigitalRadioDemo */,
				B28467451EFCA46B0039A7FA /* DigitalRadioDemoTests */,
				B28467501EFCA46B0039A7FA /* DigitalRadioDemoUITests */,
				B284672A1EFCA46B0039A7FA /* Products */,
			);
			sourceTree = "<group>";
		};
		B284672A1EFCA46B0039A7FA /* Products */ = {
			isa = PBXGroup;
			children = (
				B28467291EFCA46B0039A7FA /* DigitalRadioDemo.app */,
				B28467421EFCA46B0039A7FA /* DigitalRadioDemoTests.xctest */,
				B284674D1EFCA46B0039A7FA /* DigitalRadioDemoUITests.xctest */,
			);
			name = Products;
			sourceTree = "<group>";
		};
		B284672B1EFCA46B0039A7FA /* DigitalRadioDemo */ = {
			isa = PBXGroup;
			children = (
				B28F94051EFE683000933A88 /* External */,
				B284677B1EFCF0760039A7FA /* onair.xml */,
				B284672F1EFCA46B0039A7FA /* AppDelegate.h */,
				B28467301EFCA46B0039A7FA /* AppDelegate.m */,
				B28467321EFCA46B0039A7FA /* AIMInitialViewController.h */,
				B28467331EFCA46B0039A7FA /* AIMInitialViewController.m */,
				B20F9A8B1EFF5E15005C515F /* AIMOnAirListViewController.h */,
				B20F9A8C1EFF5E15005C515F /* AIMOnAirListViewController.m */,
				B20F9A971EFFA0A2005C515F /*  Views */,
				B284677E1EFDF1C90039A7FA /* Models */,
				B28467351EFCA46B0039A7FA /* Main.storyboard */,
				B28467381EFCA46B0039A7FA /* Assets.xcassets */,
				B284673A1EFCA46B0039A7FA /* LaunchScreen.storyboard */,
				B284673D1EFCA46B0039A7FA /* Info.plist */,
				B284672C1EFCA46B0039A7FA /* Supporting Files */,
			);
			path = DigitalRadioDemo;
			sourceTree = "<group>";
		};
		B284672C1EFCA46B0039A7FA /* Supporting Files */ = {
			isa = PBXGroup;
			children = (
				B284672D1EFCA46B0039A7FA /* main.m */,
			);
			name = "Supporting Files";
			sourceTree = "<group>";
		};
		B28467451EFCA46B0039A7FA /* DigitalRadioDemoTests */ = {
			isa = PBXGroup;
			children = (
				B28467461EFCA46B0039A7FA /* DigitalRadioDemoTests.m */,
				B28467481EFCA46B0039A7FA /* Info.plist */,
			);
			path = DigitalRadioDemoTests;
			sourceTree = "<group>";
		};
		B28467501EFCA46B0039A7FA /* DigitalRadioDemoUITests */ = {
			isa = PBXGroup;
			children = (
				B28467511EFCA46B0039A7FA /* DigitalRadioDemoUITests.m */,
				B28467531EFCA46B0039A7FA /* Info.plist */,
			);
			path = DigitalRadioDemoUITests;
			sourceTree = "<group>";
		};
		B284677E1EFDF1C90039A7FA /* Models */ = {
			isa = PBXGroup;
			children = (
				B20F9AA01EFFE50E005C515F /* AIMIconDownloader.h */,
				B20F9AA11EFFE50E005C515F /* AIMIconDownloader.m */,
				B28467761EFCAE5D0039A7FA /* AIMOnAirDocumentParser.h */,
				B284675F1EFCAAE40039A7FA /* AIMOnAirXMLParser.h */,
				B28467601EFCAAE40039A7FA /* AIMOnAirXMLParser.m */,
				B28467771EFCB42D0039A7FA /* AIMOnAirDocument.h */,
				B28467781EFCB42D0039A7FA /* AIMOnAirDocument.m */,
			);
			name = Models;
			sourceTree = "<group>";
		};
		B28F94051EFE683000933A88 /* External */ = {
			isa = PBXGroup;
			children = (
				B28F94061EFE683000933A88 /* Reachability.h */,
				B28F94071EFE683000933A88 /* Reachability.m */,
			);
			path = External;
			sourceTree = "<group>";
		};
/* End PBXGroup section */

/* Begin PBXNativeTarget section */
		B28467281EFCA46B0039A7FA /* DigitalRadioDemo */ = {
			isa = PBXNativeTarget;
			buildConfigurationList = B28467561EFCA46B0039A7FA /* Build configuration list for PBXNativeTarget "DigitalRadioDemo" */;
			buildPhases = (
				B28467251EFCA46B0039A7FA /* Sources */,
				B28467261EFCA46B0039A7FA /* Frameworks */,
				B28467271EFCA46B0039A7FA /* Resources */,
			);
			buildRules = (
			);
			dependencies = (
			);
			name = DigitalRadioDemo;
			productName = DigitalRadioDemo;
			productReference = B28467291EFCA46B0039A7FA /* DigitalRadioDemo.app */;
			productType = "com.apple.product-type.application";
		};
		B28467411EFCA46B0039A7FA /* DigitalRadioDemoTests */ = {
			isa = PBXNativeTarget;
			buildConfigurationList = B28467591EFCA46B0039A7FA /* Build configuration list for PBXNativeTarget "DigitalRadioDemoTests" */;
			buildPhases = (
				B284673E1EFCA46B0039A7FA /* Sources */,
				B284673F1EFCA46B0039A7FA /* Frameworks */,
				B28467401EFCA46B0039A7FA /* Resources */,
			);
			buildRules = (
			);
			dependencies = (
				B28467441EFCA46B0039A7FA /* PBXTargetDependency */,
			);
			name = DigitalRadioDemoTests;
			productName = DigitalRadioDemoTests;
			productReference = B28467421EFCA46B0039A7FA /* DigitalRadioDemoTests.xctest */;
			productType = "com.apple.product-type.bundle.unit-test";
		};
		B284674C1EFCA46B0039A7FA /* DigitalRadioDemoUITests */ = {
			isa = PBXNativeTarget;
			buildConfigurationList = B284675C1EFCA46B0039A7FA /* Build configuration list for PBXNativeTarget "DigitalRadioDemoUITests" */;
			buildPhases = (
				B28467491EFCA46B0039A7FA /* Sources */,
				B284674A1EFCA46B0039A7FA /* Frameworks */,
				B284674B1EFCA46B0039A7FA /* Resources */,
			);
			buildRules = (
			);
			dependencies = (
				B284674F1EFCA46B0039A7FA /* PBXTargetDependency */,
			);
			name = DigitalRadioDemoUITests;
			productName = DigitalRadioDemoUITests;
			productReference = B284674D1EFCA46B0039A7FA /* DigitalRadioDemoUITests.xctest */;
			productType = "com.apple.product-type.bundle.ui-testing";
		};
/* End PBXNativeTarget section */

/* Begin PBXProject section */
		B28467211EFCA46B0039A7FA /* Project object */ = {
			isa = PBXProject;
			attributes = {
				LastUpgradeCheck = 0830;
				ORGANIZATIONNAME = "Ehab Hanna";
				TargetAttributes = {
					B28467281EFCA46B0039A7FA = {
						CreatedOnToolsVersion = 8.3.3;
						DevelopmentTeam = UD5Q4B5UF2;
						ProvisioningStyle = Automatic;
					};
					B28467411EFCA46B0039A7FA = {
						CreatedOnToolsVersion = 8.3.3;
						DevelopmentTeam = UD5Q4B5UF2;
						ProvisioningStyle = Automatic;
						TestTargetID = B28467281EFCA46B0039A7FA;
					};
					B284674C1EFCA46B0039A7FA = {
						CreatedOnToolsVersion = 8.3.3;
						DevelopmentTeam = UD5Q4B5UF2;
						ProvisioningStyle = Automatic;
						TestTargetID = B28467281EFCA46B0039A7FA;
					};
				};
			};
			buildConfigurationList = B28467241EFCA46B0039A7FA /* Build configuration list for PBXProject "DigitalRadioDemo" */;
			compatibilityVersion = "Xcode 3.2";
			developmentRegion = English;
			hasScannedForEncodings = 0;
			knownRegions = (
				en,
				Base,
			);
			mainGroup = B28467201EFCA46B0039A7FA;
			productRefGroup = B284672A1EFCA46B0039A7FA /* Products */;
			projectDirPath = "";
			projectRoot = "";
			targets = (
				B28467281EFCA46B0039A7FA /* DigitalRadioDemo */,
				B28467411EFCA46B0039A7FA /* DigitalRadioDemoTests */,
				B284674C1EFCA46B0039A7FA /* DigitalRadioDemoUITests */,
			);
		};
/* End PBXProject section */

/* Begin PBXResourcesBuildPhase section */
		B28467271EFCA46B0039A7FA /* Resources */ = {
			isa = PBXResourcesBuildPhase;
			buildActionMask = 2147483647;
			files = (
				B284673C1EFCA46B0039A7FA /* LaunchScreen.storyboard in Resources */,
				B284677C1EFCF0760039A7FA /* onair.xml in Resources */,
				B28467391EFCA46B0039A7FA /* Assets.xcassets in Resources */,
				B28467371EFCA46B0039A7FA /* Main.storyboard in Resources */,
			);
			runOnlyForDeploymentPostprocessing = 0;
		};
		B28467401EFCA46B0039A7FA /* Resources */ = {
			isa = PBXResourcesBuildPhase;
			buildActionMask = 2147483647;
			files = (
				B284677D1EFCF0760039A7FA /* onair.xml in Resources */,
			);
			runOnlyForDeploymentPostprocessing = 0;
		};
		B284674B1EFCA46B0039A7FA /* Resources */ = {
			isa = PBXResourcesBuildPhase;
			buildActionMask = 2147483647;
			files = (
			);
			runOnlyForDeploymentPostprocessing = 0;
		};
/* End PBXResourcesBuildPhase section */

/* Begin PBXSourcesBuildPhase section */
		B28467251EFCA46B0039A7FA /* Sources */ = {
			isa = PBXSourcesBuildPhase;
			buildActionMask = 2147483647;
			files = (
				B28467341EFCA46B0039A7FA /* AIMInitialViewController.m in Sources */,
				B28467611EFCAAE40039A7FA /* AIMOnAirXMLParser.m in Sources */,
				B28467311EFCA46B0039A7FA /* AppDelegate.m in Sources */,
				B28467791EFCB42D0039A7FA /* AIMOnAirDocument.m in Sources */,
				B20F9A911EFF9EB9005C515F /* AIMEPGTableViewCell.m in Sources */,
				B20F9A9E1EFFC2AD005C515F /* AimHeaderViewCell.m in Sources */,
				B28F94081EFE683000933A88 /* Reachability.m in Sources */,
				B284672E1EFCA46B0039A7FA /* main.m in Sources */,
				B20F9AA21EFFE50E005C515F /* AIMIconDownloader.m in Sources */,
				B20F9A951EFF9EC9005C515F /* AIMPlayoutTableViewCell.m in Sources */,
				B20F9A8D1EFF5E15005C515F /* AIMOnAirListViewController.m in Sources */,
			);
			runOnlyForDeploymentPostprocessing = 0;
		};
		B284673E1EFCA46B0039A7FA /* Sources */ = {
			isa = PBXSourcesBuildPhase;
			buildActionMask = 2147483647;
			files = (
				B28467471EFCA46B0039A7FA /* DigitalRadioDemoTests.m in Sources */,
				B284677A1EFCB42D0039A7FA /* AIMOnAirDocument.m in Sources */,
				B20F9AA31EFFE50E005C515F /* AIMIconDownloader.m in Sources */,
				B28F94091EFE683000933A88 /* Reachability.m in Sources */,
				B28467621EFCAAE40039A7FA /* AIMOnAirXMLParser.m in Sources */,
			);
			runOnlyForDeploymentPostprocessing = 0;
		};
		B28467491EFCA46B0039A7FA /* Sources */ = {
			isa = PBXSourcesBuildPhase;
			buildActionMask = 2147483647;
			files = (
				B20F9A961EFF9EC9005C515F /* AIMPlayoutTableViewCell.m in Sources */,
				B20F9A921EFF9EB9005C515F /* AIMEPGTableViewCell.m in Sources */,
				B28F940A1EFE683000933A88 /* Reachability.m in Sources */,
				B28467521EFCA46B0039A7FA /* DigitalRadioDemoUITests.m in Sources */,
				B20F9A8E1EFF5E15005C515F /* AIMOnAirListViewController.m in Sources */,
				B20F9A9F1EFFC2AD005C515F /* AimHeaderViewCell.m in Sources */,
				B20F9AA41EFFE50E005C515F /* AIMIconDownloader.m in Sources */,
			);
			runOnlyForDeploymentPostprocessing = 0;
		};
/* End PBXSourcesBuildPhase section */

/* Begin PBXTargetDependency section */
		B28467441EFCA46B0039A7FA /* PBXTargetDependency */ = {
			isa = PBXTargetDependency;
			target = B28467281EFCA46B0039A7FA /* DigitalRadioDemo */;
			targetProxy = B28467431EFCA46B0039A7FA /* PBXContainerItemProxy */;
		};
		B284674F1EFCA46B0039A7FA /* PBXTargetDependency */ = {
			isa = PBXTargetDependency;
			target = B28467281EFCA46B0039A7FA /* DigitalRadioDemo */;
			targetProxy = B284674E1EFCA46B0039A7FA /* PBXContainerItemProxy */;
		};
/* End PBXTargetDependency section */

/* Begin PBXVariantGroup section */
		B28467351EFCA46B0039A7FA /* Main.storyboard */ = {
			isa = PBXVariantGroup;
			children = (
				B28467361EFCA46B0039A7FA /* Base */,
			);
			name = Main.storyboard;
			sourceTree = "<group>";
		};
		B284673A1EFCA46B0039A7FA /* LaunchScreen.storyboard */ = {
			isa = PBXVariantGroup;
			children = (
				B284673B1EFCA46B0039A7FA /* Base */,
			);
			name = LaunchScreen.storyboard;
			sourceTree = "<group>";
		};
/* End PBXVariantGroup section */

/* Begin XCBuildConfiguration section */
		B28467541EFCA46B0039A7FA /* Debug */ = {
			isa = XCBuildConfiguration;
			buildSettings = {
				ALWAYS_SEARCH_USER_PATHS = NO;
				CLANG_ANALYZER_NONNULL = YES;
				CLANG_ANALYZER_NUMBER_OBJECT_CONVERSION = YES_AGGRESSIVE;
				CLANG_CXX_LANGUAGE_STANDARD = "gnu++0x";
				CLANG_CXX_LIBRARY = "libc++";
				CLANG_ENABLE_MODULES = YES;
				CLANG_ENABLE_OBJC_ARC = YES;
				CLANG_WARN_BOOL_CONVERSION = YES;
				CLANG_WARN_CONSTANT_CONVERSION = YES;
				CLANG_WARN_DIRECT_OBJC_ISA_USAGE = YES_ERROR;
				CLANG_WARN_DOCUMENTATION_COMMENTS = YES;
				CLANG_WARN_EMPTY_BODY = YES;
				CLANG_WARN_ENUM_CONVERSION = YES;
				CLANG_WARN_INFINITE_RECURSION = YES;
				CLANG_WARN_INT_CONVERSION = YES;
				CLANG_WARN_OBJC_ROOT_CLASS = YES_ERROR;
				CLANG_WARN_SUSPICIOUS_MOVE = YES;
				CLANG_WARN_UNREACHABLE_CODE = YES;
				CLANG_WARN__DUPLICATE_METHOD_MATCH = YES;
				"CODE_SIGN_IDENTITY[sdk=iphoneos*]" = "iPhone Developer";
				COPY_PHASE_STRIP = NO;
				DEBUG_INFORMATION_FORMAT = dwarf;
				ENABLE_STRICT_OBJC_MSGSEND = YES;
				ENABLE_TESTABILITY = YES;
				GCC_C_LANGUAGE_STANDARD = gnu99;
				GCC_DYNAMIC_NO_PIC = NO;
				GCC_NO_COMMON_BLOCKS = YES;
				GCC_OPTIMIZATION_LEVEL = 0;
				GCC_PREPROCESSOR_DEFINITIONS = (
					"DEBUG=1",
					"$(inherited)",
				);
				GCC_WARN_64_TO_32_BIT_CONVERSION = YES;
				GCC_WARN_ABOUT_RETURN_TYPE = YES_ERROR;
				GCC_WARN_UNDECLARED_SELECTOR = YES;
				GCC_WARN_UNINITIALIZED_AUTOS = YES_AGGRESSIVE;
				GCC_WARN_UNUSED_FUNCTION = YES;
				GCC_WARN_UNUSED_VARIABLE = YES;
				IPHONEOS_DEPLOYMENT_TARGET = 10.3;
				MTL_ENABLE_DEBUG_INFO = YES;
				ONLY_ACTIVE_ARCH = YES;
				SDKROOT = iphoneos;
				TARGETED_DEVICE_FAMILY = "1,2";
			};
			name = Debug;
		};
		B28467551EFCA46B0039A7FA /* Release */ = {
			isa = XCBuildConfiguration;
			buildSettings = {
				ALWAYS_SEARCH_USER_PATHS = NO;
				CLANG_ANALYZER_NONNULL = YES;
				CLANG_ANALYZER_NUMBER_OBJECT_CONVERSION = YES_AGGRESSIVE;
				CLANG_CXX_LANGUAGE_STANDARD = "gnu++0x";
				CLANG_CXX_LIBRARY = "libc++";
				CLANG_ENABLE_MODULES = YES;
				CLANG_ENABLE_OBJC_ARC = YES;
				CLANG_WARN_BOOL_CONVERSION = YES;
				CLANG_WARN_CONSTANT_CONVERSION = YES;
				CLANG_WARN_DIRECT_OBJC_ISA_USAGE = YES_ERROR;
				CLANG_WARN_DOCUMENTATION_COMMENTS = YES;
				CLANG_WARN_EMPTY_BODY = YES;
				CLANG_WARN_ENUM_CONVERSION = YES;
				CLANG_WARN_INFINITE_RECURSION = YES;
				CLANG_WARN_INT_CONVERSION = YES;
				CLANG_WARN_OBJC_ROOT_CLASS = YES_ERROR;
				CLANG_WARN_SUSPICIOUS_MOVE = YES;
				CLANG_WARN_UNREACHABLE_CODE = YES;
				CLANG_WARN__DUPLICATE_METHOD_MATCH = YES;
				"CODE_SIGN_IDENTITY[sdk=iphoneos*]" = "iPhone Developer";
				COPY_PHASE_STRIP = NO;
				DEBUG_INFORMATION_FORMAT = "dwarf-with-dsym";
				ENABLE_NS_ASSERTIONS = NO;
				ENABLE_STRICT_OBJC_MSGSEND = YES;
				GCC_C_LANGUAGE_STANDARD = gnu99;
				GCC_NO_COMMON_BLOCKS = YES;
				GCC_WARN_64_TO_32_BIT_CONVERSION = YES;
				GCC_WARN_ABOUT_RETURN_TYPE = YES_ERROR;
				GCC_WARN_UNDECLARED_SELECTOR = YES;
				GCC_WARN_UNINITIALIZED_AUTOS = YES_AGGRESSIVE;
				GCC_WARN_UNUSED_FUNCTION = YES;
				GCC_WARN_UNUSED_VARIABLE = YES;
				IPHONEOS_DEPLOYMENT_TARGET = 10.3;
				MTL_ENABLE_DEBUG_INFO = NO;
				SDKROOT = iphoneos;
				TARGETED_DEVICE_FAMILY = "1,2";
				VALIDATE_PRODUCT = YES;
			};
			name = Release;
		};
		B28467571EFCA46B0039A7FA /* Debug */ = {
			isa = XCBuildConfiguration;
			buildSettings = {
				ASSETCATALOG_COMPILER_APPICON_NAME = AppIcon;
				DEVELOPMENT_TEAM = UD5Q4B5UF2;
				INFOPLIST_FILE = DigitalRadioDemo/Info.plist;
				LD_RUNPATH_SEARCH_PATHS = "$(inherited) @executable_path/Frameworks";
				PRODUCT_BUNDLE_IDENTIFIER = com.ehanna.DigitalRadioDemo;
				PRODUCT_NAME = "$(TARGET_NAME)";
			};
			name = Debug;
		};
		B28467581EFCA46B0039A7FA /* Release */ = {
			isa = XCBuildConfiguration;
			buildSettings = {
				ASSETCATALOG_COMPILER_APPICON_NAME = AppIcon;
				DEVELOPMENT_TEAM = UD5Q4B5UF2;
				INFOPLIST_FILE = DigitalRadioDemo/Info.plist;
				LD_RUNPATH_SEARCH_PATHS = "$(inherited) @executable_path/Frameworks";
				PRODUCT_BUNDLE_IDENTIFIER = com.ehanna.DigitalRadioDemo;
				PRODUCT_NAME = "$(TARGET_NAME)";
			};
			name = Release;
		};
		B284675A1EFCA46B0039A7FA /* Debug */ = {
			isa = XCBuildConfiguration;
			buildSettings = {
				BUNDLE_LOADER = "$(TEST_HOST)";
				DEVELOPMENT_TEAM = UD5Q4B5UF2;
				INFOPLIST_FILE = DigitalRadioDemoTests/Info.plist;
				LD_RUNPATH_SEARCH_PATHS = "$(inherited) @executable_path/Frameworks @loader_path/Frameworks";
				PRODUCT_BUNDLE_IDENTIFIER = com.ehanna.DigitalRadioDemoTests;
				PRODUCT_NAME = "$(TARGET_NAME)";
				TEST_HOST = "$(BUILT_PRODUCTS_DIR)/DigitalRadioDemo.app/DigitalRadioDemo";
			};
			name = Debug;
		};
		B284675B1EFCA46B0039A7FA /* Release */ = {
			isa = XCBuildConfiguration;
			buildSettings = {
				BUNDLE_LOADER = "$(TEST_HOST)";
				DEVELOPMENT_TEAM = UD5Q4B5UF2;
				INFOPLIST_FILE = DigitalRadioDemoTests/Info.plist;
				LD_RUNPATH_SEARCH_PATHS = "$(inherited) @executable_path/Frameworks @loader_path/Frameworks";
				PRODUCT_BUNDLE_IDENTIFIER = com.ehanna.DigitalRadioDemoTests;
				PRODUCT_NAME = "$(TARGET_NAME)";
				TEST_HOST = "$(BUILT_PRODUCTS_DIR)/DigitalRadioDemo.app/DigitalRadioDemo";
			};
			name = Release;
		};
		B284675D1EFCA46B0039A7FA /* Debug */ = {
			isa = XCBuildConfiguration;
			buildSettings = {
				DEVELOPMENT_TEAM = UD5Q4B5UF2;
				INFOPLIST_FILE = DigitalRadioDemoUITests/Info.plist;
				LD_RUNPATH_SEARCH_PATHS = "$(inherited) @executable_path/Frameworks @loader_path/Frameworks";
				PRODUCT_BUNDLE_IDENTIFIER = com.ehanna.DigitalRadioDemoUITests;
				PRODUCT_NAME = "$(TARGET_NAME)";
				TEST_TARGET_NAME = DigitalRadioDemo;
			};
			name = Debug;
		};
		B284675E1EFCA46B0039A7FA /* Release */ = {
			isa = XCBuildConfiguration;
			buildSettings = {
				DEVELOPMENT_TEAM = UD5Q4B5UF2;
				INFOPLIST_FILE = DigitalRadioDemoUITests/Info.plist;
				LD_RUNPATH_SEARCH_PATHS = "$(inherited) @executable_path/Frameworks @loader_path/Frameworks";
				PRODUCT_BUNDLE_IDENTIFIER = com.ehanna.DigitalRadioDemoUITests;
				PRODUCT_NAME = "$(TARGET_NAME)";
				TEST_TARGET_NAME = DigitalRadioDemo;
			};
			name = Release;
		};
/* End XCBuildConfiguration section */

/* Begin XCConfigurationList section */
		B28467241EFCA46B0039A7FA /* Build configuration list for PBXProject "DigitalRadioDemo" */ = {
			isa = XCConfigurationList;
			buildConfigurations = (
				B28467541EFCA46B0039A7FA /* Debug */,
				B28467551EFCA46B0039A7FA /* Release */,
			);
			defaultConfigurationIsVisible = 0;
			defaultConfigurationName = Release;
		};
		B28467561EFCA46B0039A7FA /* Build configuration list for PBXNativeTarget "DigitalRadioDemo" */ = {
			isa = XCConfigurationList;
			buildConfigurations = (
				B28467571EFCA46B0039A7FA /* Debug */,
				B28467581EFCA46B0039A7FA /* Release */,
			);
			defaultConfigurationIsVisible = 0;
			defaultConfigurationName = Release;
		};
		B28467591EFCA46B0039A7FA /* Build configuration list for PBXNativeTarget "DigitalRadioDemoTests" */ = {
			isa = XCConfigurationList;
			buildConfigurations = (
				B284675A1EFCA46B0039A7FA /* Debug */,
				B284675B1EFCA46B0039A7FA /* Release */,
			);
			defaultConfigurationIsVisible = 0;
			defaultConfigurationName = Release;
		};
		B284675C1EFCA46B0039A7FA /* Build configuration list for PBXNativeTarget "DigitalRadioDemoUITests" */ = {
			isa = XCConfigurationList;
			buildConfigurations = (
				B284675D1EFCA46B0039A7FA /* Debug */,
				B284675E1EFCA46B0039A7FA /* Release */,
			);
			defaultConfigurationIsVisible = 0;
			defaultConfigurationName = Release;
		};
/* End XCConfigurationList section */
	};
	rootObject = B28467211EFCA46B0039A7FA /* Project object */;
}
